// !$*UTF8*$!
{
	archiveVersion = 1;
	classes = {
	};
	objectVersion = 55;
	objects = {

/* Begin PBXBuildFile section */
		4612C78D27C62CE00042B4A9 /* AppDelegate.swift in Sources */ = {isa = PBXBuildFile; fileRef = 4612C78C27C62CE00042B4A9 /* AppDelegate.swift */; };
		4612C78F27C62CE00042B4A9 /* SceneDelegate.swift in Sources */ = {isa = PBXBuildFile; fileRef = 4612C78E27C62CE00042B4A9 /* SceneDelegate.swift */; };
		4612C79127C62CE00042B4A9 /* ViewController.swift in Sources */ = {isa = PBXBuildFile; fileRef = 4612C79027C62CE00042B4A9 /* ViewController.swift */; };
		4612C79427C62CE00042B4A9 /* Main.storyboard in Resources */ = {isa = PBXBuildFile; fileRef = 4612C79227C62CE00042B4A9 /* Main.storyboard */; };
		4612C79927C62CE10042B4A9 /* LaunchScreen.storyboard in Resources */ = {isa = PBXBuildFile; fileRef = 4612C79727C62CE10042B4A9 /* LaunchScreen.storyboard */; };
		4612C7A427C62CE20042B4A9 /* IOSExerciseTests.swift in Sources */ = {isa = PBXBuildFile; fileRef = 4612C7A327C62CE20042B4A9 /* IOSExerciseTests.swift */; };
		4612C7AE27C62CE20042B4A9 /* IOSExerciseUITests.swift in Sources */ = {isa = PBXBuildFile; fileRef = 4612C7AD27C62CE20042B4A9 /* IOSExerciseUITests.swift */; };
		4612C7B027C62CE20042B4A9 /* IOSExerciseUITestsLaunchTests.swift in Sources */ = {isa = PBXBuildFile; fileRef = 4612C7AF27C62CE20042B4A9 /* IOSExerciseUITestsLaunchTests.swift */; };
		4612C7BE27C63A4D0042B4A9 /* SignUpScreen.storyboard in Resources */ = {isa = PBXBuildFile; fileRef = 4612C7BD27C63A4D0042B4A9 /* SignUpScreen.storyboard */; };
		464A70A1281286580069C417 /* SignupLogin.storyboard in Resources */ = {isa = PBXBuildFile; fileRef = 464A7087281286580069C417 /* SignupLogin.storyboard */; };
		464A70A2281286580069C417 /* DataModel.swift in Sources */ = {isa = PBXBuildFile; fileRef = 464A7089281286580069C417 /* DataModel.swift */; };
		464A70A3281286580069C417 /* DataTableViewCell.xib in Resources */ = {isa = PBXBuildFile; fileRef = 464A708B281286580069C417 /* DataTableViewCell.xib */; };
		464A70A4281286580069C417 /* DataTableViewCell.swift in Sources */ = {isa = PBXBuildFile; fileRef = 464A708C281286580069C417 /* DataTableViewCell.swift */; };
		464A70A5281286580069C417 /* SignupViewController.swift in Sources */ = {isa = PBXBuildFile; fileRef = 464A708E281286580069C417 /* SignupViewController.swift */; };
		464A70A6281286580069C417 /* SignupLoginViewController.swift in Sources */ = {isa = PBXBuildFile; fileRef = 464A708F281286580069C417 /* SignupLoginViewController.swift */; };
		464A70A7281286580069C417 /* TableViewController.swift in Sources */ = {isa = PBXBuildFile; fileRef = 464A7090281286580069C417 /* TableViewController.swift */; };
		464A70A8281286580069C417 /* LoginViewController.swift in Sources */ = {isa = PBXBuildFile; fileRef = 464A7091281286580069C417 /* LoginViewController.swift */; };
		464A70A9281286580069C417 /* TabBar.storyboard in Resources */ = {isa = PBXBuildFile; fileRef = 464A7094281286580069C417 /* TabBar.storyboard */; };
		464A70AA281286580069C417 /* CollectionViewCell.swift in Sources */ = {isa = PBXBuildFile; fileRef = 464A7096281286580069C417 /* CollectionViewCell.swift */; };
		464A70AB281286580069C417 /* MapViewController.swift in Sources */ = {isa = PBXBuildFile; fileRef = 464A7098281286580069C417 /* MapViewController.swift */; };
		464A70AC281286580069C417 /* DetailViewController.swift in Sources */ = {isa = PBXBuildFile; fileRef = 464A7099281286580069C417 /* DetailViewController.swift */; };
		464A70AD281286580069C417 /* HomeViewController.swift in Sources */ = {isa = PBXBuildFile; fileRef = 464A709A281286580069C417 /* HomeViewController.swift */; };
		464A70AE281286580069C417 /* WebViewController.swift in Sources */ = {isa = PBXBuildFile; fileRef = 464A709B281286580069C417 /* WebViewController.swift */; };
		464A70AF281286580069C417 /* CollectionDataModel.swift in Sources */ = {isa = PBXBuildFile; fileRef = 464A709D281286580069C417 /* CollectionDataModel.swift */; };
		464A70B0281286580069C417 /* MapDataModel.swift in Sources */ = {isa = PBXBuildFile; fileRef = 464A709E281286580069C417 /* MapDataModel.swift */; };
		46C87DBA27CCDAB200E12189 /* SignUpViewController.swift in Sources */ = {isa = PBXBuildFile; fileRef = 46C87DB927CCDAB200E12189 /* SignUpViewController.swift */; };
		46CB1F9A28128E61002148DC /* GridListViewCell.swift in Sources */ = {isa = PBXBuildFile; fileRef = 46CB1F9928128E61002148DC /* GridListViewCell.swift */; };
		46D9073527CCC159007513CE /* Assets.xcassets in Resources */ = {isa = PBXBuildFile; fileRef = 46D9073427CCC159007513CE /* Assets.xcassets */; };
		46DC2DDA280D2DE800CC8908 /* Constants.swift in Sources */ = {isa = PBXBuildFile; fileRef = 46DC2DD9280D2DE800CC8908 /* Constants.swift */; };
/* End PBXBuildFile section */

/* Begin PBXContainerItemProxy section */
		4612C7A027C62CE20042B4A9 /* PBXContainerItemProxy */ = {
			isa = PBXContainerItemProxy;
			containerPortal = 4612C78127C62CE00042B4A9 /* Project object */;
			proxyType = 1;
			remoteGlobalIDString = 4612C78827C62CE00042B4A9;
			remoteInfo = IOSExercise;
		};
		4612C7AA27C62CE20042B4A9 /* PBXContainerItemProxy */ = {
			isa = PBXContainerItemProxy;
			containerPortal = 4612C78127C62CE00042B4A9 /* Project object */;
			proxyType = 1;
			remoteGlobalIDString = 4612C78827C62CE00042B4A9;
			remoteInfo = IOSExercise;
		};
/* End PBXContainerItemProxy section */

/* Begin PBXFileReference section */
		4612C78927C62CE00042B4A9 /* IOSExercise.app */ = {isa = PBXFileReference; explicitFileType = wrapper.application; includeInIndex = 0; path = IOSExercise.app; sourceTree = BUILT_PRODUCTS_DIR; };
		4612C78C27C62CE00042B4A9 /* AppDelegate.swift */ = {isa = PBXFileReference; lastKnownFileType = sourcecode.swift; path = AppDelegate.swift; sourceTree = "<group>"; };
		4612C78E27C62CE00042B4A9 /* SceneDelegate.swift */ = {isa = PBXFileReference; lastKnownFileType = sourcecode.swift; path = SceneDelegate.swift; sourceTree = "<group>"; };
		4612C79027C62CE00042B4A9 /* ViewController.swift */ = {isa = PBXFileReference; lastKnownFileType = sourcecode.swift; path = ViewController.swift; sourceTree = "<group>"; };
		4612C79327C62CE00042B4A9 /* Base */ = {isa = PBXFileReference; lastKnownFileType = file.storyboard; name = Base; path = Base.lproj/Main.storyboard; sourceTree = "<group>"; };
		4612C79827C62CE10042B4A9 /* Base */ = {isa = PBXFileReference; lastKnownFileType = file.storyboard; name = Base; path = Base.lproj/LaunchScreen.storyboard; sourceTree = "<group>"; };
		4612C79A27C62CE10042B4A9 /* Info.plist */ = {isa = PBXFileReference; lastKnownFileType = text.plist.xml; path = Info.plist; sourceTree = "<group>"; };
		4612C79F27C62CE20042B4A9 /* IOSExerciseTests.xctest */ = {isa = PBXFileReference; explicitFileType = wrapper.cfbundle; includeInIndex = 0; path = IOSExerciseTests.xctest; sourceTree = BUILT_PRODUCTS_DIR; };
		4612C7A327C62CE20042B4A9 /* IOSExerciseTests.swift */ = {isa = PBXFileReference; lastKnownFileType = sourcecode.swift; path = IOSExerciseTests.swift; sourceTree = "<group>"; };
		4612C7A927C62CE20042B4A9 /* IOSExerciseUITests.xctest */ = {isa = PBXFileReference; explicitFileType = wrapper.cfbundle; includeInIndex = 0; path = IOSExerciseUITests.xctest; sourceTree = BUILT_PRODUCTS_DIR; };
		4612C7AD27C62CE20042B4A9 /* IOSExerciseUITests.swift */ = {isa = PBXFileReference; lastKnownFileType = sourcecode.swift; path = IOSExerciseUITests.swift; sourceTree = "<group>"; };
		4612C7AF27C62CE20042B4A9 /* IOSExerciseUITestsLaunchTests.swift */ = {isa = PBXFileReference; lastKnownFileType = sourcecode.swift; path = IOSExerciseUITestsLaunchTests.swift; sourceTree = "<group>"; };
		4612C7BD27C63A4D0042B4A9 /* SignUpScreen.storyboard */ = {isa = PBXFileReference; lastKnownFileType = file.storyboard; path = SignUpScreen.storyboard; sourceTree = "<group>"; };
		464A7087281286580069C417 /* SignupLogin.storyboard */ = {isa = PBXFileReference; fileEncoding = 4; lastKnownFileType = file.storyboard; path = SignupLogin.storyboard; sourceTree = "<group>"; };
		464A7089281286580069C417 /* DataModel.swift */ = {isa = PBXFileReference; fileEncoding = 4; lastKnownFileType = sourcecode.swift; path = DataModel.swift; sourceTree = "<group>"; };
		464A708B281286580069C417 /* DataTableViewCell.xib */ = {isa = PBXFileReference; fileEncoding = 4; lastKnownFileType = file.xib; path = DataTableViewCell.xib; sourceTree = "<group>"; };
		464A708C281286580069C417 /* DataTableViewCell.swift */ = {isa = PBXFileReference; fileEncoding = 4; lastKnownFileType = sourcecode.swift; path = DataTableViewCell.swift; sourceTree = "<group>"; };
		464A708E281286580069C417 /* SignupViewController.swift */ = {isa = PBXFileReference; fileEncoding = 4; lastKnownFileType = sourcecode.swift; path = SignupViewController.swift; sourceTree = "<group>"; };
		464A708F281286580069C417 /* SignupLoginViewController.swift */ = {isa = PBXFileReference; fileEncoding = 4; lastKnownFileType = sourcecode.swift; path = SignupLoginViewController.swift; sourceTree = "<group>"; };
		464A7090281286580069C417 /* TableViewController.swift */ = {isa = PBXFileReference; fileEncoding = 4; lastKnownFileType = sourcecode.swift; path = TableViewController.swift; sourceTree = "<group>"; };
		464A7091281286580069C417 /* LoginViewController.swift */ = {isa = PBXFileReference; fileEncoding = 4; lastKnownFileType = sourcecode.swift; path = LoginViewController.swift; sourceTree = "<group>"; };
		464A7094281286580069C417 /* TabBar.storyboard */ = {isa = PBXFileReference; fileEncoding = 4; lastKnownFileType = file.storyboard; path = TabBar.storyboard; sourceTree = "<group>"; };
		464A7096281286580069C417 /* CollectionViewCell.swift */ = {isa = PBXFileReference; fileEncoding = 4; lastKnownFileType = sourcecode.swift; path = CollectionViewCell.swift; sourceTree = "<group>"; };
		464A7098281286580069C417 /* MapViewController.swift */ = {isa = PBXFileReference; fileEncoding = 4; lastKnownFileType = sourcecode.swift; path = MapViewController.swift; sourceTree = "<group>"; };
		464A7099281286580069C417 /* DetailViewController.swift */ = {isa = PBXFileReference; fileEncoding = 4; lastKnownFileType = sourcecode.swift; path = DetailViewController.swift; sourceTree = "<group>"; };
		464A709A281286580069C417 /* HomeViewController.swift */ = {isa = PBXFileReference; fileEncoding = 4; lastKnownFileType = sourcecode.swift; path = HomeViewController.swift; sourceTree = "<group>"; };
		464A709B281286580069C417 /* WebViewController.swift */ = {isa = PBXFileReference; fileEncoding = 4; lastKnownFileType = sourcecode.swift; path = WebViewController.swift; sourceTree = "<group>"; };
		464A709D281286580069C417 /* CollectionDataModel.swift */ = {isa = PBXFileReference; fileEncoding = 4; lastKnownFileType = sourcecode.swift; path = CollectionDataModel.swift; sourceTree = "<group>"; };
		464A709E281286580069C417 /* MapDataModel.swift */ = {isa = PBXFileReference; fileEncoding = 4; lastKnownFileType = sourcecode.swift; path = MapDataModel.swift; sourceTree = "<group>"; };
		46C87DB927CCDAB200E12189 /* SignUpViewController.swift */ = {isa = PBXFileReference; lastKnownFileType = sourcecode.swift; path = SignUpViewController.swift; sourceTree = "<group>"; };
		46CB1F9928128E61002148DC /* GridListViewCell.swift */ = {isa = PBXFileReference; lastKnownFileType = sourcecode.swift; path = GridListViewCell.swift; sourceTree = "<group>"; };
		46D9073427CCC159007513CE /* Assets.xcassets */ = {isa = PBXFileReference; lastKnownFileType = folder.assetcatalog; name = Assets.xcassets; path = ../Assets.xcassets; sourceTree = "<group>"; };
		46DC2DD9280D2DE800CC8908 /* Constants.swift */ = {isa = PBXFileReference; lastKnownFileType = sourcecode.swift; path = Constants.swift; sourceTree = "<group>"; };
/* End PBXFileReference section */

/* Begin PBXFrameworksBuildPhase section */
		4612C78627C62CE00042B4A9 /* Frameworks */ = {
			isa = PBXFrameworksBuildPhase;
			buildActionMask = 2147483647;
			files = (
			);
			runOnlyForDeploymentPostprocessing = 0;
		};
		4612C79C27C62CE20042B4A9 /* Frameworks */ = {
			isa = PBXFrameworksBuildPhase;
			buildActionMask = 2147483647;
			files = (
			);
			runOnlyForDeploymentPostprocessing = 0;
		};
		4612C7A627C62CE20042B4A9 /* Frameworks */ = {
			isa = PBXFrameworksBuildPhase;
			buildActionMask = 2147483647;
			files = (
			);
			runOnlyForDeploymentPostprocessing = 0;
		};
/* End PBXFrameworksBuildPhase section */

/* Begin PBXGroup section */
		4612C78027C62CE00042B4A9 = {
			isa = PBXGroup;
			children = (
				4612C78B27C62CE00042B4A9 /* IOSExercise */,
				4612C7A227C62CE20042B4A9 /* IOSExerciseTests */,
				4612C7AC27C62CE20042B4A9 /* IOSExerciseUITests */,
				4612C78A27C62CE00042B4A9 /* Products */,
			);
			sourceTree = "<group>";
		};
		4612C78A27C62CE00042B4A9 /* Products */ = {
			isa = PBXGroup;
			children = (
				4612C78927C62CE00042B4A9 /* IOSExercise.app */,
				4612C79F27C62CE20042B4A9 /* IOSExerciseTests.xctest */,
				4612C7A927C62CE20042B4A9 /* IOSExerciseUITests.xctest */,
			);
			name = Products;
			sourceTree = "<group>";
		};
		4612C78B27C62CE00042B4A9 /* IOSExercise */ = {
			isa = PBXGroup;
			children = (
				464A7083281286580069C417 /* UIComponents */,
				4612C7BC27C62E900042B4A9 /* BasicLayout */,
				4612C78C27C62CE00042B4A9 /* AppDelegate.swift */,
				4612C78E27C62CE00042B4A9 /* SceneDelegate.swift */,
				4612C79027C62CE00042B4A9 /* ViewController.swift */,
				4612C79227C62CE00042B4A9 /* Main.storyboard */,
				4612C79727C62CE10042B4A9 /* LaunchScreen.storyboard */,
				46D9073427CCC159007513CE /* Assets.xcassets */,
				4612C79A27C62CE10042B4A9 /* Info.plist */,
				46DC2DD9280D2DE800CC8908 /* Constants.swift */,
			);
			path = IOSExercise;
			sourceTree = "<group>";
		};
		4612C7A227C62CE20042B4A9 /* IOSExerciseTests */ = {
			isa = PBXGroup;
			children = (
				4612C7A327C62CE20042B4A9 /* IOSExerciseTests.swift */,
			);
			path = IOSExerciseTests;
			sourceTree = "<group>";
		};
		4612C7AC27C62CE20042B4A9 /* IOSExerciseUITests */ = {
			isa = PBXGroup;
			children = (
				4612C7AD27C62CE20042B4A9 /* IOSExerciseUITests.swift */,
				4612C7AF27C62CE20042B4A9 /* IOSExerciseUITestsLaunchTests.swift */,
			);
			path = IOSExerciseUITests;
			sourceTree = "<group>";
		};
		4612C7BC27C62E900042B4A9 /* BasicLayout */ = {
			isa = PBXGroup;
			children = (
				4612C7BD27C63A4D0042B4A9 /* SignUpScreen.storyboard */,
				46C87DB927CCDAB200E12189 /* SignUpViewController.swift */,
			);
			path = BasicLayout;
			sourceTree = "<group>";
		};
		464A7083281286580069C417 /* UIComponents */ = {
			isa = PBXGroup;
			children = (
				464A7085281286580069C417 /* Task1 */,
				464A7092281286580069C417 /* Task2 */,
			);
			path = UIComponents;
			sourceTree = "<group>";
		};
		464A7085281286580069C417 /* Task1 */ = {
			isa = PBXGroup;
			children = (
				464A7086281286580069C417 /* StoryBoards */,
				464A7088281286580069C417 /* ViewModel */,
				464A708A281286580069C417 /* TableCell */,
				464A708D281286580069C417 /* ViewControllers */,
			);
			path = Task1;
			sourceTree = "<group>";
		};
		464A7086281286580069C417 /* StoryBoards */ = {
			isa = PBXGroup;
			children = (
				464A7087281286580069C417 /* SignupLogin.storyboard */,
			);
			path = StoryBoards;
			sourceTree = "<group>";
		};
		464A7088281286580069C417 /* ViewModel */ = {
			isa = PBXGroup;
			children = (
				464A7089281286580069C417 /* DataModel.swift */,
			);
			path = ViewModel;
			sourceTree = "<group>";
		};
		464A708A281286580069C417 /* TableCell */ = {
			isa = PBXGroup;
			children = (
				464A708B281286580069C417 /* DataTableViewCell.xib */,
				464A708C281286580069C417 /* DataTableViewCell.swift */,
			);
			path = TableCell;
			sourceTree = "<group>";
		};
		464A708D281286580069C417 /* ViewControllers */ = {
			isa = PBXGroup;
			children = (
				464A708E281286580069C417 /* SignupViewController.swift */,
				464A708F281286580069C417 /* SignupLoginViewController.swift */,
				464A7090281286580069C417 /* TableViewController.swift */,
				464A7091281286580069C417 /* LoginViewController.swift */,
			);
			path = ViewControllers;
			sourceTree = "<group>";
		};
		464A7092281286580069C417 /* Task2 */ = {
			isa = PBXGroup;
			children = (
				464A7093281286580069C417 /* StoryBoards */,
				464A7095281286580069C417 /* CollectionCell */,
				464A7097281286580069C417 /* ViewControllers */,
				464A709C281286580069C417 /* Model */,
			);
			path = Task2;
			sourceTree = "<group>";
		};
		464A7093281286580069C417 /* StoryBoards */ = {
			isa = PBXGroup;
			children = (
				464A7094281286580069C417 /* TabBar.storyboard */,
			);
			path = StoryBoards;
			sourceTree = "<group>";
		};
		464A7095281286580069C417 /* CollectionCell */ = {
			isa = PBXGroup;
			children = (
				464A709F281286580069C417 /* GridListViewCell.swift */,
				464A7096281286580069C417 /* CollectionViewCell.swift */,
				46CB1F9928128E61002148DC /* GridListViewCell.swift */,
			);
			path = CollectionCell;
			sourceTree = "<group>";
		};
		464A7097281286580069C417 /* ViewControllers */ = {
			isa = PBXGroup;
			children = (
				464A7098281286580069C417 /* MapViewController.swift */,
				464A7099281286580069C417 /* DetailViewController.swift */,
				464A709A281286580069C417 /* HomeViewController.swift */,
				464A709B281286580069C417 /* WebViewController.swift */,
			);
			path = ViewControllers;
			sourceTree = "<group>";
		};
		464A709C281286580069C417 /* Model */ = {
			isa = PBXGroup;
			children = (
				464A709D281286580069C417 /* CollectionDataModel.swift */,
				464A709E281286580069C417 /* MapDataModel.swift */,
			);
			path = Model;
			sourceTree = "<group>";
		};
/* End PBXGroup section */

/* Begin PBXNativeTarget section */
		4612C78827C62CE00042B4A9 /* IOSExercise */ = {
			isa = PBXNativeTarget;
			buildConfigurationList = 4612C7B327C62CE20042B4A9 /* Build configuration list for PBXNativeTarget "IOSExercise" */;
			buildPhases = (
				4612C78527C62CE00042B4A9 /* Sources */,
				4612C78627C62CE00042B4A9 /* Frameworks */,
				4612C78727C62CE00042B4A9 /* Resources */,
			);
			buildRules = (
			);
			dependencies = (
			);
			name = IOSExercise;
			productName = IOSExercise;
			productReference = 4612C78927C62CE00042B4A9 /* IOSExercise.app */;
			productType = "com.apple.product-type.application";
		};
		4612C79E27C62CE20042B4A9 /* IOSExerciseTests */ = {
			isa = PBXNativeTarget;
			buildConfigurationList = 4612C7B627C62CE20042B4A9 /* Build configuration list for PBXNativeTarget "IOSExerciseTests" */;
			buildPhases = (
				4612C79B27C62CE20042B4A9 /* Sources */,
				4612C79C27C62CE20042B4A9 /* Frameworks */,
				4612C79D27C62CE20042B4A9 /* Resources */,
			);
			buildRules = (
			);
			dependencies = (
				4612C7A127C62CE20042B4A9 /* PBXTargetDependency */,
			);
			name = IOSExerciseTests;
			productName = IOSExerciseTests;
			productReference = 4612C79F27C62CE20042B4A9 /* IOSExerciseTests.xctest */;
			productType = "com.apple.product-type.bundle.unit-test";
		};
		4612C7A827C62CE20042B4A9 /* IOSExerciseUITests */ = {
			isa = PBXNativeTarget;
			buildConfigurationList = 4612C7B927C62CE20042B4A9 /* Build configuration list for PBXNativeTarget "IOSExerciseUITests" */;
			buildPhases = (
				4612C7A527C62CE20042B4A9 /* Sources */,
				4612C7A627C62CE20042B4A9 /* Frameworks */,
				4612C7A727C62CE20042B4A9 /* Resources */,
			);
			buildRules = (
			);
			dependencies = (
				4612C7AB27C62CE20042B4A9 /* PBXTargetDependency */,
			);
			name = IOSExerciseUITests;
			productName = IOSExerciseUITests;
			productReference = 4612C7A927C62CE20042B4A9 /* IOSExerciseUITests.xctest */;
			productType = "com.apple.product-type.bundle.ui-testing";
		};
/* End PBXNativeTarget section */

/* Begin PBXProject section */
		4612C78127C62CE00042B4A9 /* Project object */ = {
			isa = PBXProject;
			attributes = {
				BuildIndependentTargetsInParallel = 1;
				LastSwiftUpdateCheck = 1310;
				LastUpgradeCheck = 1310;
				TargetAttributes = {
					4612C78827C62CE00042B4A9 = {
						CreatedOnToolsVersion = 13.1;
					};
					4612C79E27C62CE20042B4A9 = {
						CreatedOnToolsVersion = 13.1;
						TestTargetID = 4612C78827C62CE00042B4A9;
					};
					4612C7A827C62CE20042B4A9 = {
						CreatedOnToolsVersion = 13.1;
						TestTargetID = 4612C78827C62CE00042B4A9;
					};
				};
			};
			buildConfigurationList = 4612C78427C62CE00042B4A9 /* Build configuration list for PBXProject "IOSExercise" */;
			compatibilityVersion = "Xcode 13.0";
			developmentRegion = en;
			hasScannedForEncodings = 0;
			knownRegions = (
				en,
				Base,
			);
			mainGroup = 4612C78027C62CE00042B4A9;
			productRefGroup = 4612C78A27C62CE00042B4A9 /* Products */;
			projectDirPath = "";
			projectRoot = "";
			targets = (
				4612C78827C62CE00042B4A9 /* IOSExercise */,
				4612C79E27C62CE20042B4A9 /* IOSExerciseTests */,
				4612C7A827C62CE20042B4A9 /* IOSExerciseUITests */,
			);
		};
/* End PBXProject section */

/* Begin PBXResourcesBuildPhase section */
		4612C78727C62CE00042B4A9 /* Resources */ = {
			isa = PBXResourcesBuildPhase;
			buildActionMask = 2147483647;
			files = (
				4612C7BE27C63A4D0042B4A9 /* SignUpScreen.storyboard in Resources */,
				464A70A3281286580069C417 /* DataTableViewCell.xib in Resources */,
				464A70A1281286580069C417 /* SignupLogin.storyboard in Resources */,
				4612C79927C62CE10042B4A9 /* LaunchScreen.storyboard in Resources */,
				46D9073527CCC159007513CE /* Assets.xcassets in Resources */,
				464A70A9281286580069C417 /* TabBar.storyboard in Resources */,
				4612C79427C62CE00042B4A9 /* Main.storyboard in Resources */,
			);
			runOnlyForDeploymentPostprocessing = 0;
		};
		4612C79D27C62CE20042B4A9 /* Resources */ = {
			isa = PBXResourcesBuildPhase;
			buildActionMask = 2147483647;
			files = (
			);
			runOnlyForDeploymentPostprocessing = 0;
		};
		4612C7A727C62CE20042B4A9 /* Resources */ = {
			isa = PBXResourcesBuildPhase;
			buildActionMask = 2147483647;
			files = (
			);
			runOnlyForDeploymentPostprocessing = 0;
		};
/* End PBXResourcesBuildPhase section */

/* Begin PBXSourcesBuildPhase section */
		4612C78527C62CE00042B4A9 /* Sources */ = {
			isa = PBXSourcesBuildPhase;
			buildActionMask = 2147483647;
			files = (
				464A70A8281286580069C417 /* LoginViewController.swift in Sources */,
				464A70A5281286580069C417 /* SignupViewController.swift in Sources */,
				464A70A2281286580069C417 /* DataModel.swift in Sources */,
				46DC2DDA280D2DE800CC8908 /* Constants.swift in Sources */,
				4612C79127C62CE00042B4A9 /* ViewController.swift in Sources */,
				4612C78D27C62CE00042B4A9 /* AppDelegate.swift in Sources */,
				46C87DBA27CCDAB200E12189 /* SignUpViewController.swift in Sources */,
				464A70A7281286580069C417 /* TableViewController.swift in Sources */,
				46CB1F9A28128E61002148DC /* GridListViewCell.swift in Sources */,
				464A70B0281286580069C417 /* MapDataModel.swift in Sources */,
				464A70AA281286580069C417 /* CollectionViewCell.swift in Sources */,
				464A70AF281286580069C417 /* CollectionDataModel.swift in Sources */,
				464A70A6281286580069C417 /* SignupLoginViewController.swift in Sources */,
				4612C78F27C62CE00042B4A9 /* SceneDelegate.swift in Sources */,
				464A70AD281286580069C417 /* HomeViewController.swift in Sources */,
				464A70AE281286580069C417 /* WebViewController.swift in Sources */,
				464A70AC281286580069C417 /* DetailViewController.swift in Sources */,
				464A70A4281286580069C417 /* DataTableViewCell.swift in Sources */,
				464A70AB281286580069C417 /* MapViewController.swift in Sources */,
			);
			runOnlyForDeploymentPostprocessing = 0;
		};
		4612C79B27C62CE20042B4A9 /* Sources */ = {
			isa = PBXSourcesBuildPhase;
			buildActionMask = 2147483647;
			files = (
				4612C7A427C62CE20042B4A9 /* IOSExerciseTests.swift in Sources */,
			);
			runOnlyForDeploymentPostprocessing = 0;
		};
		4612C7A527C62CE20042B4A9 /* Sources */ = {
			isa = PBXSourcesBuildPhase;
			buildActionMask = 2147483647;
			files = (
				4612C7B027C62CE20042B4A9 /* IOSExerciseUITestsLaunchTests.swift in Sources */,
				4612C7AE27C62CE20042B4A9 /* IOSExerciseUITests.swift in Sources */,
			);
			runOnlyForDeploymentPostprocessing = 0;
		};
/* End PBXSourcesBuildPhase section */

/* Begin PBXTargetDependency section */
		4612C7A127C62CE20042B4A9 /* PBXTargetDependency */ = {
			isa = PBXTargetDependency;
			target = 4612C78827C62CE00042B4A9 /* IOSExercise */;
			targetProxy = 4612C7A027C62CE20042B4A9 /* PBXContainerItemProxy */;
		};
		4612C7AB27C62CE20042B4A9 /* PBXTargetDependency */ = {
			isa = PBXTargetDependency;
			target = 4612C78827C62CE00042B4A9 /* IOSExercise */;
			targetProxy = 4612C7AA27C62CE20042B4A9 /* PBXContainerItemProxy */;
		};
/* End PBXTargetDependency section */

/* Begin PBXVariantGroup section */
		4612C79227C62CE00042B4A9 /* Main.storyboard */ = {
			isa = PBXVariantGroup;
			children = (
				4612C79327C62CE00042B4A9 /* Base */,
			);
			name = Main.storyboard;
			sourceTree = "<group>";
		};
		4612C79727C62CE10042B4A9 /* LaunchScreen.storyboard */ = {
			isa = PBXVariantGroup;
			children = (
				4612C79827C62CE10042B4A9 /* Base */,
			);
			name = LaunchScreen.storyboard;
			sourceTree = "<group>";
		};
/* End PBXVariantGroup section */

/* Begin XCBuildConfiguration section */
		4612C7B127C62CE20042B4A9 /* Debug */ = {
			isa = XCBuildConfiguration;
			buildSettings = {
				ALWAYS_SEARCH_USER_PATHS = NO;
				CLANG_ANALYZER_NONNULL = YES;
				CLANG_ANALYZER_NUMBER_OBJECT_CONVERSION = YES_AGGRESSIVE;
				CLANG_CXX_LANGUAGE_STANDARD = "gnu++17";
				CLANG_CXX_LIBRARY = "libc++";
				CLANG_ENABLE_MODULES = YES;
				CLANG_ENABLE_OBJC_ARC = YES;
				CLANG_ENABLE_OBJC_WEAK = YES;
				CLANG_WARN_BLOCK_CAPTURE_AUTORELEASING = YES;
				CLANG_WARN_BOOL_CONVERSION = YES;
				CLANG_WARN_COMMA = YES;
				CLANG_WARN_CONSTANT_CONVERSION = YES;
				CLANG_WARN_DEPRECATED_OBJC_IMPLEMENTATIONS = YES;
				CLANG_WARN_DIRECT_OBJC_ISA_USAGE = YES_ERROR;
				CLANG_WARN_DOCUMENTATION_COMMENTS = YES;
				CLANG_WARN_EMPTY_BODY = YES;
				CLANG_WARN_ENUM_CONVERSION = YES;
				CLANG_WARN_INFINITE_RECURSION = YES;
				CLANG_WARN_INT_CONVERSION = YES;
				CLANG_WARN_NON_LITERAL_NULL_CONVERSION = YES;
				CLANG_WARN_OBJC_IMPLICIT_RETAIN_SELF = YES;
				CLANG_WARN_OBJC_LITERAL_CONVERSION = YES;
				CLANG_WARN_OBJC_ROOT_CLASS = YES_ERROR;
				CLANG_WARN_QUOTED_INCLUDE_IN_FRAMEWORK_HEADER = YES;
				CLANG_WARN_RANGE_LOOP_ANALYSIS = YES;
				CLANG_WARN_STRICT_PROTOTYPES = YES;
				CLANG_WARN_SUSPICIOUS_MOVE = YES;
				CLANG_WARN_UNGUARDED_AVAILABILITY = YES_AGGRESSIVE;
				CLANG_WARN_UNREACHABLE_CODE = YES;
				CLANG_WARN__DUPLICATE_METHOD_MATCH = YES;
				COPY_PHASE_STRIP = NO;
				DEBUG_INFORMATION_FORMAT = dwarf;
				ENABLE_STRICT_OBJC_MSGSEND = YES;
				ENABLE_TESTABILITY = YES;
				GCC_C_LANGUAGE_STANDARD = gnu11;
				GCC_DYNAMIC_NO_PIC = NO;
				GCC_NO_COMMON_BLOCKS = YES;
				GCC_OPTIMIZATION_LEVEL = 0;
				GCC_PREPROCESSOR_DEFINITIONS = (
					"DEBUG=1",
					"$(inherited)",
				);
				GCC_WARN_64_TO_32_BIT_CONVERSION = YES;
				GCC_WARN_ABOUT_RETURN_TYPE = YES_ERROR;
				GCC_WARN_UNDECLARED_SELECTOR = YES;
				GCC_WARN_UNINITIALIZED_AUTOS = YES_AGGRESSIVE;
				GCC_WARN_UNUSED_FUNCTION = YES;
				GCC_WARN_UNUSED_VARIABLE = YES;
				IPHONEOS_DEPLOYMENT_TARGET = 15.0;
				MTL_ENABLE_DEBUG_INFO = INCLUDE_SOURCE;
				MTL_FAST_MATH = YES;
				ONLY_ACTIVE_ARCH = YES;
				SDKROOT = iphoneos;
				SWIFT_ACTIVE_COMPILATION_CONDITIONS = DEBUG;
				SWIFT_OPTIMIZATION_LEVEL = "-Onone";
			};
			name = Debug;
		};
		4612C7B227C62CE20042B4A9 /* Release */ = {
			isa = XCBuildConfiguration;
			buildSettings = {
				ALWAYS_SEARCH_USER_PATHS = NO;
				CLANG_ANALYZER_NONNULL = YES;
				CLANG_ANALYZER_NUMBER_OBJECT_CONVERSION = YES_AGGRESSIVE;
				CLANG_CXX_LANGUAGE_STANDARD = "gnu++17";
				CLANG_CXX_LIBRARY = "libc++";
				CLANG_ENABLE_MODULES = YES;
				CLANG_ENABLE_OBJC_ARC = YES;
				CLANG_ENABLE_OBJC_WEAK = YES;
				CLANG_WARN_BLOCK_CAPTURE_AUTORELEASING = YES;
				CLANG_WARN_BOOL_CONVERSION = YES;
				CLANG_WARN_COMMA = YES;
				CLANG_WARN_CONSTANT_CONVERSION = YES;
				CLANG_WARN_DEPRECATED_OBJC_IMPLEMENTATIONS = YES;
				CLANG_WARN_DIRECT_OBJC_ISA_USAGE = YES_ERROR;
				CLANG_WARN_DOCUMENTATION_COMMENTS = YES;
				CLANG_WARN_EMPTY_BODY = YES;
				CLANG_WARN_ENUM_CONVERSION = YES;
				CLANG_WARN_INFINITE_RECURSION = YES;
				CLANG_WARN_INT_CONVERSION = YES;
				CLANG_WARN_NON_LITERAL_NULL_CONVERSION = YES;
				CLANG_WARN_OBJC_IMPLICIT_RETAIN_SELF = YES;
				CLANG_WARN_OBJC_LITERAL_CONVERSION = YES;
				CLANG_WARN_OBJC_ROOT_CLASS = YES_ERROR;
				CLANG_WARN_QUOTED_INCLUDE_IN_FRAMEWORK_HEADER = YES;
				CLANG_WARN_RANGE_LOOP_ANALYSIS = YES;
				CLANG_WARN_STRICT_PROTOTYPES = YES;
				CLANG_WARN_SUSPICIOUS_MOVE = YES;
				CLANG_WARN_UNGUARDED_AVAILABILITY = YES_AGGRESSIVE;
				CLANG_WARN_UNREACHABLE_CODE = YES;
				CLANG_WARN__DUPLICATE_METHOD_MATCH = YES;
				COPY_PHASE_STRIP = NO;
				DEBUG_INFORMATION_FORMAT = "dwarf-with-dsym";
				ENABLE_NS_ASSERTIONS = NO;
				ENABLE_STRICT_OBJC_MSGSEND = YES;
				GCC_C_LANGUAGE_STANDARD = gnu11;
				GCC_NO_COMMON_BLOCKS = YES;
				GCC_WARN_64_TO_32_BIT_CONVERSION = YES;
				GCC_WARN_ABOUT_RETURN_TYPE = YES_ERROR;
				GCC_WARN_UNDECLARED_SELECTOR = YES;
				GCC_WARN_UNINITIALIZED_AUTOS = YES_AGGRESSIVE;
				GCC_WARN_UNUSED_FUNCTION = YES;
				GCC_WARN_UNUSED_VARIABLE = YES;
				IPHONEOS_DEPLOYMENT_TARGET = 15.0;
				MTL_ENABLE_DEBUG_INFO = NO;
				MTL_FAST_MATH = YES;
				SDKROOT = iphoneos;
				SWIFT_COMPILATION_MODE = wholemodule;
				SWIFT_OPTIMIZATION_LEVEL = "-O";
				VALIDATE_PRODUCT = YES;
			};
			name = Release;
		};
		4612C7B427C62CE20042B4A9 /* Debug */ = {
			isa = XCBuildConfiguration;
			buildSettings = {
				ASSETCATALOG_COMPILER_APPICON_NAME = AppIcon;
				ASSETCATALOG_COMPILER_GLOBAL_ACCENT_COLOR_NAME = AccentColor;
				CODE_SIGN_STYLE = Automatic;
				CURRENT_PROJECT_VERSION = 1;
				GENERATE_INFOPLIST_FILE = YES;
				INFOPLIST_FILE = IOSExercise/Info.plist;
				INFOPLIST_KEY_UIApplicationSupportsIndirectInputEvents = YES;
				INFOPLIST_KEY_UILaunchStoryboardName = Main;
				INFOPLIST_KEY_UIMainStoryboardFile = Main;
				INFOPLIST_KEY_UISupportedInterfaceOrientations_iPad = "UIInterfaceOrientationPortrait UIInterfaceOrientationPortraitUpsideDown UIInterfaceOrientationLandscapeLeft UIInterfaceOrientationLandscapeRight";
				INFOPLIST_KEY_UISupportedInterfaceOrientations_iPhone = "UIInterfaceOrientationPortrait UIInterfaceOrientationLandscapeLeft UIInterfaceOrientationLandscapeRight";
				LD_RUNPATH_SEARCH_PATHS = (
					"$(inherited)",
					"@executable_path/Frameworks",
				);
				MARKETING_VERSION = 1.0;
				PRODUCT_BUNDLE_IDENTIFIER = mansi.IOSExercise;
				PRODUCT_NAME = "$(TARGET_NAME)";
				SWIFT_EMIT_LOC_STRINGS = YES;
				SWIFT_VERSION = 5.0;
				TARGETED_DEVICE_FAMILY = "1,2";
			};
			name = Debug;
		};
		4612C7B527C62CE20042B4A9 /* Release */ = {
			isa = XCBuildConfiguration;
			buildSettings = {
				ASSETCATALOG_COMPILER_APPICON_NAME = AppIcon;
				ASSETCATALOG_COMPILER_GLOBAL_ACCENT_COLOR_NAME = AccentColor;
				CODE_SIGN_STYLE = Automatic;
				CURRENT_PROJECT_VERSION = 1;
				GENERATE_INFOPLIST_FILE = YES;
				INFOPLIST_FILE = IOSExercise/Info.plist;
				INFOPLIST_KEY_UIApplicationSupportsIndirectInputEvents = YES;
				INFOPLIST_KEY_UILaunchStoryboardName = Main;
				INFOPLIST_KEY_UIMainStoryboardFile = Main;
				INFOPLIST_KEY_UISupportedInterfaceOrientations_iPad = "UIInterfaceOrientationPortrait UIInterfaceOrientationPortraitUpsideDown UIInterfaceOrientationLandscapeLeft UIInterfaceOrientationLandscapeRight";
				INFOPLIST_KEY_UISupportedInterfaceOrientations_iPhone = "UIInterfaceOrientationPortrait UIInterfaceOrientationLandscapeLeft UIInterfaceOrientationLandscapeRight";
				LD_RUNPATH_SEARCH_PATHS = (
					"$(inherited)",
					"@executable_path/Frameworks",
				);
				MARKETING_VERSION = 1.0;
				PRODUCT_BUNDLE_IDENTIFIER = mansi.IOSExercise;
				PRODUCT_NAME = "$(TARGET_NAME)";
				SWIFT_EMIT_LOC_STRINGS = YES;
				SWIFT_VERSION = 5.0;
				TARGETED_DEVICE_FAMILY = "1,2";
			};
			name = Release;
		};
		4612C7B727C62CE20042B4A9 /* Debug */ = {
			isa = XCBuildConfiguration;
			buildSettings = {
				ALWAYS_EMBED_SWIFT_STANDARD_LIBRARIES = YES;
				BUNDLE_LOADER = "$(TEST_HOST)";
				CODE_SIGN_STYLE = Automatic;
				CURRENT_PROJECT_VERSION = 1;
				GENERATE_INFOPLIST_FILE = YES;
				IPHONEOS_DEPLOYMENT_TARGET = 15.0;
				LD_RUNPATH_SEARCH_PATHS = (
					"$(inherited)",
					"@executable_path/Frameworks",
					"@loader_path/Frameworks",
				);
				MARKETING_VERSION = 1.0;
				PRODUCT_BUNDLE_IDENTIFIER = mansi.IOSExerciseTests;
				PRODUCT_NAME = "$(TARGET_NAME)";
				SWIFT_EMIT_LOC_STRINGS = NO;
				SWIFT_VERSION = 5.0;
				TARGETED_DEVICE_FAMILY = "1,2";
				TEST_HOST = "$(BUILT_PRODUCTS_DIR)/IOSExercise.app/IOSExercise";
			};
			name = Debug;
		};
		4612C7B827C62CE20042B4A9 /* Release */ = {
			isa = XCBuildConfiguration;
			buildSettings = {
				ALWAYS_EMBED_SWIFT_STANDARD_LIBRARIES = YES;
				BUNDLE_LOADER = "$(TEST_HOST)";
				CODE_SIGN_STYLE = Automatic;
				CURRENT_PROJECT_VERSION = 1;
				GENERATE_INFOPLIST_FILE = YES;
				IPHONEOS_DEPLOYMENT_TARGET = 15.0;
				LD_RUNPATH_SEARCH_PATHS = (
					"$(inherited)",
					"@executable_path/Frameworks",
					"@loader_path/Frameworks",
				);
				MARKETING_VERSION = 1.0;
				PRODUCT_BUNDLE_IDENTIFIER = mansi.IOSExerciseTests;
				PRODUCT_NAME = "$(TARGET_NAME)";
				SWIFT_EMIT_LOC_STRINGS = NO;
				SWIFT_VERSION = 5.0;
				TARGETED_DEVICE_FAMILY = "1,2";
				TEST_HOST = "$(BUILT_PRODUCTS_DIR)/IOSExercise.app/IOSExercise";
			};
			name = Release;
		};
		4612C7BA27C62CE20042B4A9 /* Debug */ = {
			isa = XCBuildConfiguration;
			buildSettings = {
				ALWAYS_EMBED_SWIFT_STANDARD_LIBRARIES = YES;
				CODE_SIGN_STYLE = Automatic;
				CURRENT_PROJECT_VERSION = 1;
				GENERATE_INFOPLIST_FILE = YES;
				LD_RUNPATH_SEARCH_PATHS = (
					"$(inherited)",
					"@executable_path/Frameworks",
					"@loader_path/Frameworks",
				);
				MARKETING_VERSION = 1.0;
				PRODUCT_BUNDLE_IDENTIFIER = mansi.IOSExerciseUITests;
				PRODUCT_NAME = "$(TARGET_NAME)";
				SWIFT_EMIT_LOC_STRINGS = NO;
				SWIFT_VERSION = 5.0;
				TARGETED_DEVICE_FAMILY = "1,2";
				TEST_TARGET_NAME = IOSExercise;
			};
			name = Debug;
		};
		4612C7BB27C62CE20042B4A9 /* Release */ = {
			isa = XCBuildConfiguration;
			buildSettings = {
				ALWAYS_EMBED_SWIFT_STANDARD_LIBRARIES = YES;
				CODE_SIGN_STYLE = Automatic;
				CURRENT_PROJECT_VERSION = 1;
				GENERATE_INFOPLIST_FILE = YES;
				LD_RUNPATH_SEARCH_PATHS = (
					"$(inherited)",
					"@executable_path/Frameworks",
					"@loader_path/Frameworks",
				);
				MARKETING_VERSION = 1.0;
				PRODUCT_BUNDLE_IDENTIFIER = mansi.IOSExerciseUITests;
				PRODUCT_NAME = "$(TARGET_NAME)";
				SWIFT_EMIT_LOC_STRINGS = NO;
				SWIFT_VERSION = 5.0;
				TARGETED_DEVICE_FAMILY = "1,2";
				TEST_TARGET_NAME = IOSExercise;
			};
			name = Release;
		};
/* End XCBuildConfiguration section */

/* Begin XCConfigurationList section */
		4612C78427C62CE00042B4A9 /* Build configuration list for PBXProject "IOSExercise" */ = {
			isa = XCConfigurationList;
			buildConfigurations = (
				4612C7B127C62CE20042B4A9 /* Debug */,
				4612C7B227C62CE20042B4A9 /* Release */,
			);
			defaultConfigurationIsVisible = 0;
			defaultConfigurationName = Release;
		};
		4612C7B327C62CE20042B4A9 /* Build configuration list for PBXNativeTarget "IOSExercise" */ = {
			isa = XCConfigurationList;
			buildConfigurations = (
				4612C7B427C62CE20042B4A9 /* Debug */,
				4612C7B527C62CE20042B4A9 /* Release */,
			);
			defaultConfigurationIsVisible = 0;
			defaultConfigurationName = Release;
		};
		4612C7B627C62CE20042B4A9 /* Build configuration list for PBXNativeTarget "IOSExerciseTests" */ = {
			isa = XCConfigurationList;
			buildConfigurations = (
				4612C7B727C62CE20042B4A9 /* Debug */,
				4612C7B827C62CE20042B4A9 /* Release */,
			);
			defaultConfigurationIsVisible = 0;
			defaultConfigurationName = Release;
		};
		4612C7B927C62CE20042B4A9 /* Build configuration list for PBXNativeTarget "IOSExerciseUITests" */ = {
			isa = XCConfigurationList;
			buildConfigurations = (
				4612C7BA27C62CE20042B4A9 /* Debug */,
				4612C7BB27C62CE20042B4A9 /* Release */,
			);
			defaultConfigurationIsVisible = 0;
			defaultConfigurationName = Release;
		};
/* End XCConfigurationList section */
	};
	rootObject = 4612C78127C62CE00042B4A9 /* Project object */;
}
